// !$*UTF8*$!
{
	archiveVersion = 1;
	classes = {
	};
	objectVersion = 46;
	objects = {

/* Begin PBXBuildFile section */
		332A563E6C887ABD02B4F407 /* CCHDiskCache.m in Sources */ = {isa = PBXBuildFile; fileRef = 332A50247CA00A0487F5696B /* CCHDiskCache.m */; };
		332A5B3B5058E70A613A64EB /* CCHMemoryCache.m in Sources */ = {isa = PBXBuildFile; fileRef = 4728990A1A9BA0F1008D96D8 /* CCHMemoryCache.m */; };
		332A5B6490F64A9F51956ABD /* CCHDiskCache.m in Sources */ = {isa = PBXBuildFile; fileRef = 332A50247CA00A0487F5696B /* CCHDiskCache.m */; };
		332A5F82B4532E402414C530 /* CCHCache.m in Sources */ = {isa = PBXBuildFile; fileRef = 475D6E811A3230E400D44CA8 /* CCHCache.m */; };
		4728990B1A9BA0F1008D96D8 /* CCHMemoryCache.m in Sources */ = {isa = PBXBuildFile; fileRef = 4728990A1A9BA0F1008D96D8 /* CCHMemoryCache.m */; };
		475D6E741A32305100D44CA8 /* AppDelegate.m in Sources */ = {isa = PBXBuildFile; fileRef = 475D6E6D1A32305100D44CA8 /* AppDelegate.m */; };
		475D6E781A32305100D44CA8 /* main.m in Sources */ = {isa = PBXBuildFile; fileRef = 475D6E711A32305100D44CA8 /* main.m */; };
		475D6E791A32305100D44CA8 /* ViewController.m in Sources */ = {isa = PBXBuildFile; fileRef = 475D6E731A32305100D44CA8 /* ViewController.m */; };
		475D6E821A3230E400D44CA8 /* CCHCache.m in Sources */ = {isa = PBXBuildFile; fileRef = 475D6E811A3230E400D44CA8 /* CCHCache.m */; };
		475D6E8B1A32419B00D44CA8 /* App-Debug.xcconfig in Resources */ = {isa = PBXBuildFile; fileRef = 475D6E861A32419B00D44CA8 /* App-Debug.xcconfig */; };
		475D6E8C1A32419B00D44CA8 /* App-Release.xcconfig in Resources */ = {isa = PBXBuildFile; fileRef = 475D6E871A32419B00D44CA8 /* App-Release.xcconfig */; };
		475D6E8D1A32419B00D44CA8 /* Project.xcconfig in Resources */ = {isa = PBXBuildFile; fileRef = 475D6E881A32419B00D44CA8 /* Project.xcconfig */; };
		475D6E8E1A32419B00D44CA8 /* Tests-Debug.xcconfig in Resources */ = {isa = PBXBuildFile; fileRef = 475D6E891A32419B00D44CA8 /* Tests-Debug.xcconfig */; };
		475D6E8F1A32419B00D44CA8 /* Tests-Release.xcconfig in Resources */ = {isa = PBXBuildFile; fileRef = 475D6E8A1A32419B00D44CA8 /* Tests-Release.xcconfig */; };
		4787FE541AB89E6400F565DD /* DiskCacheTest.m in Sources */ = {isa = PBXBuildFile; fileRef = 4787FE531AB89E6400F565DD /* DiskCacheTest.m */; };
		47A396981A3395260017736E /* Info.plist in Resources */ = {isa = PBXBuildFile; fileRef = 47A396971A3395260017736E /* Info.plist */; };
		47A3969D1A3395860017736E /* LaunchScreen.xib in Resources */ = {isa = PBXBuildFile; fileRef = 47A396991A3395860017736E /* LaunchScreen.xib */; };
		47A3969E1A3395860017736E /* Main.storyboard in Resources */ = {isa = PBXBuildFile; fileRef = 47A3969B1A3395860017736E /* Main.storyboard */; };
/* End PBXBuildFile section */

/* Begin PBXFileReference section */
		332A50247CA00A0487F5696B /* CCHDiskCache.m */ = {isa = PBXFileReference; fileEncoding = 4; lastKnownFileType = sourcecode.c.objc; name = CCHDiskCache.m; path = CCHCache/CCHDiskCache.m; sourceTree = "<group>"; };
		332A57262971C119E6DA1DB3 /* CCHDiskCache.h */ = {isa = PBXFileReference; fileEncoding = 4; lastKnownFileType = sourcecode.c.h; name = CCHDiskCache.h; path = CCHCache/CCHDiskCache.h; sourceTree = "<group>"; };
		472899091A9BA0F1008D96D8 /* CCHMemoryCache.h */ = {isa = PBXFileReference; fileEncoding = 4; lastKnownFileType = sourcecode.c.h; name = CCHMemoryCache.h; path = CCHCache/CCHMemoryCache.h; sourceTree = "<group>"; };
		4728990A1A9BA0F1008D96D8 /* CCHMemoryCache.m */ = {isa = PBXFileReference; fileEncoding = 4; lastKnownFileType = sourcecode.c.objc; name = CCHMemoryCache.m; path = CCHCache/CCHMemoryCache.m; sourceTree = "<group>"; };
		475D6E451A322F9800D44CA8 /* ExampleApp.app */ = {isa = PBXFileReference; explicitFileType = wrapper.application; includeInIndex = 0; path = ExampleApp.app; sourceTree = BUILT_PRODUCTS_DIR; };
		475D6E6C1A32305100D44CA8 /* AppDelegate.h */ = {isa = PBXFileReference; fileEncoding = 4; lastKnownFileType = sourcecode.c.h; name = AppDelegate.h; path = Example/ExampleApp/AppDelegate.h; sourceTree = SOURCE_ROOT; };
		475D6E6D1A32305100D44CA8 /* AppDelegate.m */ = {isa = PBXFileReference; fileEncoding = 4; lastKnownFileType = sourcecode.c.objc; name = AppDelegate.m; path = Example/ExampleApp/AppDelegate.m; sourceTree = SOURCE_ROOT; };
		475D6E711A32305100D44CA8 /* main.m */ = {isa = PBXFileReference; fileEncoding = 4; lastKnownFileType = sourcecode.c.objc; name = main.m; path = Example/ExampleApp/main.m; sourceTree = SOURCE_ROOT; };
		475D6E721A32305100D44CA8 /* ViewController.h */ = {isa = PBXFileReference; fileEncoding = 4; lastKnownFileType = sourcecode.c.h; name = ViewController.h; path = Example/ExampleApp/ViewController.h; sourceTree = SOURCE_ROOT; };
		475D6E731A32305100D44CA8 /* ViewController.m */ = {isa = PBXFileReference; fileEncoding = 4; lastKnownFileType = sourcecode.c.objc; name = ViewController.m; path = Example/ExampleApp/ViewController.m; sourceTree = SOURCE_ROOT; };
		475D6E801A3230E400D44CA8 /* CCHCache.h */ = {isa = PBXFileReference; fileEncoding = 4; lastKnownFileType = sourcecode.c.h; name = CCHCache.h; path = CCHCache/CCHCache.h; sourceTree = "<group>"; };
		475D6E811A3230E400D44CA8 /* CCHCache.m */ = {isa = PBXFileReference; fileEncoding = 4; lastKnownFileType = sourcecode.c.objc; name = CCHCache.m; path = CCHCache/CCHCache.m; sourceTree = "<group>"; };
		475D6E861A32419B00D44CA8 /* App-Debug.xcconfig */ = {isa = PBXFileReference; fileEncoding = 4; lastKnownFileType = text.xcconfig; name = "App-Debug.xcconfig"; path = "Xcconfig/App-Debug.xcconfig"; sourceTree = "<group>"; };
		475D6E871A32419B00D44CA8 /* App-Release.xcconfig */ = {isa = PBXFileReference; fileEncoding = 4; lastKnownFileType = text.xcconfig; name = "App-Release.xcconfig"; path = "Xcconfig/App-Release.xcconfig"; sourceTree = "<group>"; };
		475D6E881A32419B00D44CA8 /* Project.xcconfig */ = {isa = PBXFileReference; fileEncoding = 4; lastKnownFileType = text.xcconfig; name = Project.xcconfig; path = Xcconfig/Project.xcconfig; sourceTree = "<group>"; };
		475D6E891A32419B00D44CA8 /* Tests-Debug.xcconfig */ = {isa = PBXFileReference; fileEncoding = 4; lastKnownFileType = text.xcconfig; name = "Tests-Debug.xcconfig"; path = "Xcconfig/Tests-Debug.xcconfig"; sourceTree = "<group>"; };
		475D6E8A1A32419B00D44CA8 /* Tests-Release.xcconfig */ = {isa = PBXFileReference; fileEncoding = 4; lastKnownFileType = text.xcconfig; name = "Tests-Release.xcconfig"; path = "Xcconfig/Tests-Release.xcconfig"; sourceTree = "<group>"; };
		4787FE531AB89E6400F565DD /* DiskCacheTest.m */ = {isa = PBXFileReference; fileEncoding = 4; lastKnownFileType = sourcecode.c.objc; path = DiskCacheTest.m; sourceTree = "<group>"; };
		47A396971A3395260017736E /* Info.plist */ = {isa = PBXFileReference; fileEncoding = 4; lastKnownFileType = text.plist.xml; name = Info.plist; path = Example/ExampleApp/Info.plist; sourceTree = SOURCE_ROOT; };
		47A3969A1A3395860017736E /* Base */ = {isa = PBXFileReference; lastKnownFileType = file.xib; name = Base; path = Example/ExampleApp/Base.lproj/LaunchScreen.xib; sourceTree = SOURCE_ROOT; };
		47A3969C1A3395860017736E /* Base */ = {isa = PBXFileReference; lastKnownFileType = file.storyboard; name = Base; path = Example/ExampleApp/Base.lproj/Main.storyboard; sourceTree = SOURCE_ROOT; };
		47A396A31A3398ED0017736E /* Tests.xctest */ = {isa = PBXFileReference; explicitFileType = wrapper.cfbundle; includeInIndex = 0; path = Tests.xctest; sourceTree = BUILT_PRODUCTS_DIR; };
		47A396A61A3398ED0017736E /* Info.plist */ = {isa = PBXFileReference; lastKnownFileType = text.plist.xml; path = Info.plist; sourceTree = "<group>"; };
/* End PBXFileReference section */

/* Begin PBXFrameworksBuildPhase section */
		475D6E421A322F9800D44CA8 /* Frameworks */ = {
			isa = PBXFrameworksBuildPhase;
			buildActionMask = 2147483647;
			files = (
			);
			runOnlyForDeploymentPostprocessing = 0;
		};
		47A396A01A3398ED0017736E /* Frameworks */ = {
			isa = PBXFrameworksBuildPhase;
			buildActionMask = 2147483647;
			files = (
			);
			runOnlyForDeploymentPostprocessing = 0;
		};
/* End PBXFrameworksBuildPhase section */

/* Begin PBXGroup section */
		475D6E461A322F9800D44CA8 /* Products */ = {
			isa = PBXGroup;
			children = (
				475D6E451A322F9800D44CA8 /* ExampleApp.app */,
				47A396A31A3398ED0017736E /* Tests.xctest */,
			);
			name = Products;
			sourceTree = "<group>";
		};
		475D6E471A322F9800D44CA8 /* ExampleApp */ = {
			isa = PBXGroup;
			children = (
				475D6E6C1A32305100D44CA8 /* AppDelegate.h */,
				475D6E6D1A32305100D44CA8 /* AppDelegate.m */,
				475D6E721A32305100D44CA8 /* ViewController.h */,
				475D6E731A32305100D44CA8 /* ViewController.m */,
				47A396991A3395860017736E /* LaunchScreen.xib */,
				47A3969B1A3395860017736E /* Main.storyboard */,
				475D6E481A322F9800D44CA8 /* Supporting Files */,
			);
			path = ExampleApp;
			sourceTree = "<group>";
		};
		475D6E481A322F9800D44CA8 /* Supporting Files */ = {
			isa = PBXGroup;
			children = (
				47A396971A3395260017736E /* Info.plist */,
				475D6E711A32305100D44CA8 /* main.m */,
			);
			name = "Supporting Files";
			sourceTree = "<group>";
		};
		475D6E831A3230F600D44CA8 /* CCHCache */ = {
			isa = PBXGroup;
			children = (
				475D6E801A3230E400D44CA8 /* CCHCache.h */,
				475D6E811A3230E400D44CA8 /* CCHCache.m */,
				472899091A9BA0F1008D96D8 /* CCHMemoryCache.h */,
				4728990A1A9BA0F1008D96D8 /* CCHMemoryCache.m */,
				332A57262971C119E6DA1DB3 /* CCHDiskCache.h */,
				332A50247CA00A0487F5696B /* CCHDiskCache.m */,
			);
			name = CCHCache;
			sourceTree = "<group>";
		};
		475D6E901A3241A200D44CA8 /* Xcconfig */ = {
			isa = PBXGroup;
			children = (
				475D6E881A32419B00D44CA8 /* Project.xcconfig */,
				475D6E861A32419B00D44CA8 /* App-Debug.xcconfig */,
				475D6E891A32419B00D44CA8 /* Tests-Debug.xcconfig */,
				475D6E871A32419B00D44CA8 /* App-Release.xcconfig */,
				475D6E8A1A32419B00D44CA8 /* Tests-Release.xcconfig */,
			);
			name = Xcconfig;
			sourceTree = "<group>";
		};
		4761E6111A2BAB5600B5D66A = {
			isa = PBXGroup;
			children = (
				475D6E901A3241A200D44CA8 /* Xcconfig */,
				475D6E831A3230F600D44CA8 /* CCHCache */,
				475D6E471A322F9800D44CA8 /* ExampleApp */,
				47A396A41A3398ED0017736E /* Tests */,
				475D6E461A322F9800D44CA8 /* Products */,
			);
			sourceTree = "<group>";
		};
		47A396A41A3398ED0017736E /* Tests */ = {
			isa = PBXGroup;
			children = (
				4787FE531AB89E6400F565DD /* DiskCacheTest.m */,
				47A396A51A3398ED0017736E /* Supporting Files */,
			);
			path = Tests;
			sourceTree = "<group>";
		};
		47A396A51A3398ED0017736E /* Supporting Files */ = {
			isa = PBXGroup;
			children = (
				47A396A61A3398ED0017736E /* Info.plist */,
			);
			name = "Supporting Files";
			sourceTree = "<group>";
		};
/* End PBXGroup section */

/* Begin PBXNativeTarget section */
		475D6E441A322F9800D44CA8 /* ExampleApp */ = {
			isa = PBXNativeTarget;
			buildConfigurationList = 475D6E6A1A322F9800D44CA8 /* Build configuration list for PBXNativeTarget "ExampleApp" */;
			buildPhases = (
				475D6E411A322F9800D44CA8 /* Sources */,
				475D6E421A322F9800D44CA8 /* Frameworks */,
				475D6E431A322F9800D44CA8 /* Resources */,
			);
			buildRules = (
			);
			dependencies = (
			);
			name = ExampleApp;
			productName = ExampleApp;
			productReference = 475D6E451A322F9800D44CA8 /* ExampleApp.app */;
			productType = "com.apple.product-type.application";
		};
		47A396A21A3398ED0017736E /* Tests */ = {
			isa = PBXNativeTarget;
			buildConfigurationList = 47A396AB1A3398ED0017736E /* Build configuration list for PBXNativeTarget "Tests" */;
			buildPhases = (
				47A3969F1A3398ED0017736E /* Sources */,
				47A396A01A3398ED0017736E /* Frameworks */,
				47A396A11A3398ED0017736E /* Resources */,
			);
			buildRules = (
			);
			dependencies = (
			);
			name = Tests;
			productName = Tests;
			productReference = 47A396A31A3398ED0017736E /* Tests.xctest */;
			productType = "com.apple.product-type.bundle.unit-test";
		};
/* End PBXNativeTarget section */

/* Begin PBXProject section */
		4761E6121A2BAB5600B5D66A /* Project object */ = {
			isa = PBXProject;
			attributes = {
				LastUpgradeCheck = 0610;
				TargetAttributes = {
					475D6E441A322F9800D44CA8 = {
						CreatedOnToolsVersion = 6.1;
					};
					47A396A21A3398ED0017736E = {
						CreatedOnToolsVersion = 6.1;
					};
				};
			};
			buildConfigurationList = 4761E6151A2BAB5600B5D66A /* Build configuration list for PBXProject "CCHCache" */;
			compatibilityVersion = "Xcode 3.2";
			developmentRegion = English;
			hasScannedForEncodings = 0;
			knownRegions = (
				en,
				Base,
			);
			mainGroup = 4761E6111A2BAB5600B5D66A;
			productRefGroup = 475D6E461A322F9800D44CA8 /* Products */;
			projectDirPath = "";
			projectRoot = "";
			targets = (
				475D6E441A322F9800D44CA8 /* ExampleApp */,
				47A396A21A3398ED0017736E /* Tests */,
			);
		};
/* End PBXProject section */

/* Begin PBXResourcesBuildPhase section */
		475D6E431A322F9800D44CA8 /* Resources */ = {
			isa = PBXResourcesBuildPhase;
			buildActionMask = 2147483647;
			files = (
				475D6E8E1A32419B00D44CA8 /* Tests-Debug.xcconfig in Resources */,
				475D6E8D1A32419B00D44CA8 /* Project.xcconfig in Resources */,
				475D6E8F1A32419B00D44CA8 /* Tests-Release.xcconfig in Resources */,
				475D6E8C1A32419B00D44CA8 /* App-Release.xcconfig in Resources */,
				475D6E8E1A32419B00D44CA8 /* Tests-Debug.xcconfig in Resources */,
				475D6E8D1A32419B00D44CA8 /* Project.xcconfig in Resources */,
				475D6E8F1A32419B00D44CA8 /* Tests-Release.xcconfig in Resources */,
				475D6E8C1A32419B00D44CA8 /* App-Release.xcconfig in Resources */,
				475D6E8E1A32419B00D44CA8 /* Tests-Debug.xcconfig in Resources */,
				47A3969E1A3395860017736E /* Main.storyboard in Resources */,
				47A396981A3395260017736E /* Info.plist in Resources */,
				475D6E8D1A32419B00D44CA8 /* Project.xcconfig in Resources */,
				475D6E8F1A32419B00D44CA8 /* Tests-Release.xcconfig in Resources */,
				475D6E8C1A32419B00D44CA8 /* App-Release.xcconfig in Resources */,
				47A3969D1A3395860017736E /* LaunchScreen.xib in Resources */,
				475D6E8B1A32419B00D44CA8 /* App-Debug.xcconfig in Resources */,
			);
			runOnlyForDeploymentPostprocessing = 0;
		};
		47A396A11A3398ED0017736E /* Resources */ = {
			isa = PBXResourcesBuildPhase;
			buildActionMask = 2147483647;
			files = (
			);
			runOnlyForDeploymentPostprocessing = 0;
		};
/* End PBXResourcesBuildPhase section */

/* Begin PBXSourcesBuildPhase section */
		475D6E411A322F9800D44CA8 /* Sources */ = {
			isa = PBXSourcesBuildPhase;
			buildActionMask = 2147483647;
			files = (
				4728990B1A9BA0F1008D96D8 /* CCHMemoryCache.m in Sources */,
				475D6E821A3230E400D44CA8 /* CCHCache.m in Sources */,
				475D6E741A32305100D44CA8 /* AppDelegate.m in Sources */,
				475D6E781A32305100D44CA8 /* main.m in Sources */,
				475D6E791A32305100D44CA8 /* ViewController.m in Sources */,
				332A5B6490F64A9F51956ABD /* CCHDiskCache.m in Sources */,
			);
			runOnlyForDeploymentPostprocessing = 0;
		};
		47A3969F1A3398ED0017736E /* Sources */ = {
			isa = PBXSourcesBuildPhase;
			buildActionMask = 2147483647;
			files = (
				4787FE541AB89E6400F565DD /* DiskCacheTest.m in Sources */,
				332A5F82B4532E402414C530 /* CCHCache.m in Sources */,
				332A563E6C887ABD02B4F407 /* CCHDiskCache.m in Sources */,
				332A5B3B5058E70A613A64EB /* CCHMemoryCache.m in Sources */,
			);
			runOnlyForDeploymentPostprocessing = 0;
		};
/* End PBXSourcesBuildPhase section */

/* Begin PBXVariantGroup section */
		47A396991A3395860017736E /* LaunchScreen.xib */ = {
			isa = PBXVariantGroup;
			children = (
				47A3969A1A3395860017736E /* Base */,
			);
			name = LaunchScreen.xib;
			sourceTree = "<group>";
		};
		47A3969B1A3395860017736E /* Main.storyboard */ = {
			isa = PBXVariantGroup;
			children = (
				47A3969C1A3395860017736E /* Base */,
			);
			name = Main.storyboard;
			sourceTree = "<group>";
		};
/* End PBXVariantGroup section */

/* Begin XCBuildConfiguration section */
		475D6E661A322F9800D44CA8 /* Debug */ = {
			isa = XCBuildConfiguration;
			baseConfigurationReference = 475D6E861A32419B00D44CA8 /* App-Debug.xcconfig */;
			buildSettings = {
				ALWAYS_SEARCH_USER_PATHS = NO;
				ASSETCATALOG_COMPILER_APPICON_NAME = AppIcon;
				CLANG_CXX_LANGUAGE_STANDARD = "gnu++0x";
				CLANG_CXX_LIBRARY = "libc++";
				CLANG_ENABLE_MODULES = YES;
				CLANG_ENABLE_OBJC_ARC = YES;
				CLANG_WARN_BOOL_CONVERSION = YES;
				CLANG_WARN_CONSTANT_CONVERSION = YES;
				CLANG_WARN_DIRECT_OBJC_ISA_USAGE = YES_ERROR;
				CLANG_WARN_EMPTY_BODY = YES;
				CLANG_WARN_ENUM_CONVERSION = YES;
				CLANG_WARN_INT_CONVERSION = YES;
				CLANG_WARN_OBJC_ROOT_CLASS = YES_ERROR;
				CLANG_WARN_UNREACHABLE_CODE = YES;
				CLANG_WARN__DUPLICATE_METHOD_MATCH = YES;
				"CODE_SIGN_IDENTITY[sdk=iphoneos*]" = "iPhone Developer";
				COPY_PHASE_STRIP = NO;
				ENABLE_STRICT_OBJC_MSGSEND = YES;
				GCC_C_LANGUAGE_STANDARD = gnu99;
				GCC_DYNAMIC_NO_PIC = NO;
				GCC_OPTIMIZATION_LEVEL = 0;
				GCC_PREPROCESSOR_DEFINITIONS = (
					"DEBUG=1",
					"$(inherited)",
				);
				GCC_SYMBOLS_PRIVATE_EXTERN = NO;
				GCC_WARN_64_TO_32_BIT_CONVERSION = YES;
				GCC_WARN_ABOUT_RETURN_TYPE = YES_ERROR;
				GCC_WARN_UNDECLARED_SELECTOR = YES;
				GCC_WARN_UNINITIALIZED_AUTOS = YES_AGGRESSIVE;
				GCC_WARN_UNUSED_FUNCTION = YES;
				GCC_WARN_UNUSED_VARIABLE = YES;
				INFOPLIST_FILE = Example/ExampleApp/Info.plist;
				IPHONEOS_DEPLOYMENT_TARGET = 8.1;
				LD_RUNPATH_SEARCH_PATHS = "$(inherited) @executable_path/Frameworks";
				MTL_ENABLE_DEBUG_INFO = YES;
				ONLY_ACTIVE_ARCH = YES;
				PRODUCT_NAME = "$(TARGET_NAME)";
				SDKROOT = iphoneos;
			};
			name = Debug;
		};
		475D6E671A322F9800D44CA8 /* Release */ = {
			isa = XCBuildConfiguration;
			baseConfigurationReference = 475D6E871A32419B00D44CA8 /* App-Release.xcconfig */;
			buildSettings = {
				ALWAYS_SEARCH_USER_PATHS = NO;
				ASSETCATALOG_COMPILER_APPICON_NAME = AppIcon;
				CLANG_CXX_LANGUAGE_STANDARD = "gnu++0x";
				CLANG_CXX_LIBRARY = "libc++";
				CLANG_ENABLE_MODULES = YES;
				CLANG_ENABLE_OBJC_ARC = YES;
				CLANG_WARN_BOOL_CONVERSION = YES;
				CLANG_WARN_CONSTANT_CONVERSION = YES;
				CLANG_WARN_DIRECT_OBJC_ISA_USAGE = YES_ERROR;
				CLANG_WARN_EMPTY_BODY = YES;
				CLANG_WARN_ENUM_CONVERSION = YES;
				CLANG_WARN_INT_CONVERSION = YES;
				CLANG_WARN_OBJC_ROOT_CLASS = YES_ERROR;
				CLANG_WARN_UNREACHABLE_CODE = YES;
				CLANG_WARN__DUPLICATE_METHOD_MATCH = YES;
				"CODE_SIGN_IDENTITY[sdk=iphoneos*]" = "iPhone Developer";
				COPY_PHASE_STRIP = YES;
				ENABLE_NS_ASSERTIONS = NO;
				ENABLE_STRICT_OBJC_MSGSEND = YES;
				GCC_C_LANGUAGE_STANDARD = gnu99;
				GCC_WARN_64_TO_32_BIT_CONVERSION = YES;
				GCC_WARN_ABOUT_RETURN_TYPE = YES_ERROR;
				GCC_WARN_UNDECLARED_SELECTOR = YES;
				GCC_WARN_UNINITIALIZED_AUTOS = YES_AGGRESSIVE;
				GCC_WARN_UNUSED_FUNCTION = YES;
				GCC_WARN_UNUSED_VARIABLE = YES;
				INFOPLIST_FILE = Example/ExampleApp/Info.plist;
				IPHONEOS_DEPLOYMENT_TARGET = 8.1;
				LD_RUNPATH_SEARCH_PATHS = "$(inherited) @executable_path/Frameworks";
				MTL_ENABLE_DEBUG_INFO = NO;
				PRODUCT_NAME = "$(TARGET_NAME)";
				SDKROOT = iphoneos;
				VALIDATE_PRODUCT = YES;
			};
			name = Release;
		};
		4761E6161A2BAB5600B5D66A /* Debug */ = {
			isa = XCBuildConfiguration;
			baseConfigurationReference = 475D6E881A32419B00D44CA8 /* Project.xcconfig */;
			buildSettings = {
			};
			name = Debug;
		};
		4761E6171A2BAB5600B5D66A /* Release */ = {
			isa = XCBuildConfiguration;
			baseConfigurationReference = 475D6E881A32419B00D44CA8 /* Project.xcconfig */;
			buildSettings = {
			};
			name = Release;
		};
		47A396A91A3398ED0017736E /* Debug */ = {
			isa = XCBuildConfiguration;
			buildSettings = {
				ALWAYS_SEARCH_USER_PATHS = NO;
				CLANG_CXX_LANGUAGE_STANDARD = "gnu++0x";
				CLANG_CXX_LIBRARY = "libc++";
				CLANG_ENABLE_MODULES = YES;
				CLANG_ENABLE_OBJC_ARC = YES;
				CLANG_WARN_BOOL_CONVERSION = YES;
				CLANG_WARN_CONSTANT_CONVERSION = YES;
				CLANG_WARN_DIRECT_OBJC_ISA_USAGE = YES_ERROR;
				CLANG_WARN_EMPTY_BODY = YES;
				CLANG_WARN_ENUM_CONVERSION = YES;
				CLANG_WARN_INT_CONVERSION = YES;
				CLANG_WARN_OBJC_ROOT_CLASS = YES_ERROR;
				CLANG_WARN_UNREACHABLE_CODE = YES;
				CLANG_WARN__DUPLICATE_METHOD_MATCH = YES;
				COPY_PHASE_STRIP = NO;
				ENABLE_STRICT_OBJC_MSGSEND = YES;
				FRAMEWORK_SEARCH_PATHS = (
					"$(SDKROOT)/Developer/Library/Frameworks",
					"$(inherited)",
					"$(DEVELOPER_FRAMEWORKS_DIR)",
				);
				GCC_C_LANGUAGE_STANDARD = gnu99;
				GCC_DYNAMIC_NO_PIC = NO;
				GCC_OPTIMIZATION_LEVEL = 0;
				GCC_PREPROCESSOR_DEFINITIONS = (
					"DEBUG=1",
					"$(inherited)",
				);
				GCC_SYMBOLS_PRIVATE_EXTERN = NO;
				GCC_WARN_64_TO_32_BIT_CONVERSION = YES;
				GCC_WARN_ABOUT_RETURN_TYPE = YES_ERROR;
				GCC_WARN_UNDECLARED_SELECTOR = YES;
				GCC_WARN_UNINITIALIZED_AUTOS = YES_AGGRESSIVE;
				GCC_WARN_UNUSED_FUNCTION = YES;
				GCC_WARN_UNUSED_VARIABLE = YES;
				INFOPLIST_FILE = Tests/Info.plist;
				IPHONEOS_DEPLOYMENT_TARGET = 8.1;
				LD_RUNPATH_SEARCH_PATHS = "$(inherited) @executable_path/Frameworks @loader_path/Frameworks";
				MTL_ENABLE_DEBUG_INFO = YES;
				ONLY_ACTIVE_ARCH = YES;
				PRODUCT_NAME = "$(TARGET_NAME)";
				SDKROOT = iphoneos;
				SWIFT_OBJC_BRIDGING_HEADER = "Tests/Tests-Bridging-Header.h";
				SWIFT_OPTIMIZATION_LEVEL = "-Onone";
			};
			name = Debug;
		};
		47A396AA1A3398ED0017736E /* Release */ = {
			isa = XCBuildConfiguration;
			buildSettings = {
				ALWAYS_SEARCH_USER_PATHS = NO;
				CLANG_CXX_LANGUAGE_STANDARD = "gnu++0x";
				CLANG_CXX_LIBRARY = "libc++";
				CLANG_ENABLE_MODULES = YES;
				CLANG_ENABLE_OBJC_ARC = YES;
				CLANG_WARN_BOOL_CONVERSION = YES;
				CLANG_WARN_CONSTANT_CONVERSION = YES;
				CLANG_WARN_DIRECT_OBJC_ISA_USAGE = YES_ERROR;
				CLANG_WARN_EMPTY_BODY = YES;
				CLANG_WARN_ENUM_CONVERSION = YES;
				CLANG_WARN_INT_CONVERSION = YES;
				CLANG_WARN_OBJC_ROOT_CLASS = YES_ERROR;
				CLANG_WARN_UNREACHABLE_CODE = YES;
				CLANG_WARN__DUPLICATE_METHOD_MATCH = YES;
				COPY_PHASE_STRIP = YES;
				ENABLE_NS_ASSERTIONS = NO;
				ENABLE_STRICT_OBJC_MSGSEND = YES;
				FRAMEWORK_SEARCH_PATHS = (
					"$(SDKROOT)/Developer/Library/Frameworks",
					"$(inherited)",
					"$(DEVELOPER_FRAMEWORKS_DIR)",
				);
				GCC_C_LANGUAGE_STANDARD = gnu99;
				GCC_WARN_64_TO_32_BIT_CONVERSION = YES;
				GCC_WARN_ABOUT_RETURN_TYPE = YES_ERROR;
				GCC_WARN_UNDECLARED_SELECTOR = YES;
				GCC_WARN_UNINITIALIZED_AUTOS = YES_AGGRESSIVE;
				GCC_WARN_UNUSED_FUNCTION = YES;
				GCC_WARN_UNUSED_VARIABLE = YES;
				INFOPLIST_FILE = Tests/Info.plist;
				IPHONEOS_DEPLOYMENT_TARGET = 8.1;
				LD_RUNPATH_SEARCH_PATHS = "$(inherited) @executable_path/Frameworks @loader_path/Frameworks";
				MTL_ENABLE_DEBUG_INFO = NO;
				PRODUCT_NAME = "$(TARGET_NAME)";
				SDKROOT = iphoneos;
				SWIFT_OBJC_BRIDGING_HEADER = "Tests/Tests-Bridging-Header.h";
				VALIDATE_PRODUCT = YES;
			};
			name = Release;
		};
/* End XCBuildConfiguration section */

/* Begin XCConfigurationList section */
		475D6E6A1A322F9800D44CA8 /* Build configuration list for PBXNativeTarget "ExampleApp" */ = {
			isa = XCConfigurationList;
			buildConfigurations = (
				475D6E661A322F9800D44CA8 /* Debug */,
				475D6E671A322F9800D44CA8 /* Release */,
			);
			defaultConfigurationIsVisible = 0;
			defaultConfigurationName = Release;
		};
		4761E6151A2BAB5600B5D66A /* Build configuration list for PBXProject "CCHCache" */ = {
			isa = XCConfigurationList;
			buildConfigurations = (
				4761E6161A2BAB5600B5D66A /* Debug */,
				4761E6171A2BAB5600B5D66A /* Release */,
			);
			defaultConfigurationIsVisible = 0;
			defaultConfigurationName = Release;
		};
		47A396AB1A3398ED0017736E /* Build configuration list for PBXNativeTarget "Tests" */ = {
			isa = XCConfigurationList;
			buildConfigurations = (
				47A396A91A3398ED0017736E /* Debug */,
				47A396AA1A3398ED0017736E /* Release */,
			);
			defaultConfigurationIsVisible = 0;
			defaultConfigurationName = Release;
		};
/* End XCConfigurationList section */
	};
	rootObject = 4761E6121A2BAB5600B5D66A /* Project object */;
}
